
Microsoft Visual Studio Solution File, Format Version 12.00
# Visual Studio Version 17
VisualStudioVersion = 17.13.35825.156 d17.13
MinimumVisualStudioVersion = 10.0.40219.1
Project("{FAE04EC0-301F-11D3-BF4B-00C04F79EFBC}") = "backend", "backend.csproj", "{4E8773BA-A148-4223-8F03-4CD675D70B99}"
EndProject
Global
	GlobalSection(SolutionConfigurationPlatforms) = preSolution
		Debug|Any CPU = Debug|Any CPU
		Release|Any CPU = Release|Any CPU
	EndGlobalSection
	GlobalSection(ProjectConfigurationPlatforms) = postSolution
		{4E8773BA-A148-4223-8F03-4CD675D70B99}.Debug|Any CPU.ActiveCfg = Debug|Any CPU
		{4E8773BA-A148-4223-8F03-4CD675D70B99}.Debug|Any CPU.Build.0 = Debug|Any CPU
		{4E8773BA-A148-4223-8F03-4CD675D70B99}.Release|Any CPU.ActiveCfg = Release|Any CPU
		{4E8773BA-A148-4223-8F03-4CD675D70B99}.Release|Any CPU.Build.0 = Release|Any CPU
	EndGlobalSection
	GlobalSection(SolutionProperties) = preSolution
		HideSolutionNode = FALSE
	EndGlobalSection
	GlobalSection(ExtensibilityGlobals) = postSolution
		SolutionGuid = {033BF805-E7AB-43D7-8746-18A0068250C1}
	EndGlobalSection
EndGlobal
